// !$*UTF8*$!
{
	archiveVersion = 1;
	classes = {
	};
	objectVersion = 56;
	objects = {

/* Begin PBXBuildFile section */
		1F62EF982AF2B60800E56ED6 /* Person.swift in Sources */ = {isa = PBXBuildFile; fileRef = 1F62EF972AF2B60800E56ED6 /* Person.swift */; };
		1F73B1282AF965ED0057C407 /* Party.swift in Sources */ = {isa = PBXBuildFile; fileRef = 1F73B1272AF965ED0057C407 /* Party.swift */; };
		1F73B12A2AF969BF0057C407 /* ProductCategory.swift in Sources */ = {isa = PBXBuildFile; fileRef = 1F73B1292AF969BF0057C407 /* ProductCategory.swift */; };
		1F73B12C2AF96B570057C407 /* Purchase.swift in Sources */ = {isa = PBXBuildFile; fileRef = 1F73B12B2AF96B570057C407 /* Purchase.swift */; };
		1F7765B82B04123F0052A8F8 /* PartyViewModel.swift in Sources */ = {isa = PBXBuildFile; fileRef = 1F7765B72B04123F0052A8F8 /* PartyViewModel.swift */; };
		1F7765BA2B0415530052A8F8 /* PersonViewModel.swift in Sources */ = {isa = PBXBuildFile; fileRef = 1F7765B92B0415530052A8F8 /* PersonViewModel.swift */; };
		1F7765BC2B041BDC0052A8F8 /* ProductCategoryViewModel.swift in Sources */ = {isa = PBXBuildFile; fileRef = 1F7765BB2B041BDC0052A8F8 /* ProductCategoryViewModel.swift */; };
		1F7765BE2B041DB10052A8F8 /* PurchaseViewModel.swift in Sources */ = {isa = PBXBuildFile; fileRef = 1F7765BD2B041DB10052A8F8 /* PurchaseViewModel.swift */; };
		1FC15A522B0159E7002077C8 /* MainToolbarView.swift in Sources */ = {isa = PBXBuildFile; fileRef = 1FC15A512B0159E7002077C8 /* MainToolbarView.swift */; };
		1FC2F92A2AF24F6000E14AAC /* PartyFriendsApp.swift in Sources */ = {isa = PBXBuildFile; fileRef = 1FC2F9292AF24F6000E14AAC /* PartyFriendsApp.swift */; };
		1FC2F92E2AF24F6300E14AAC /* Assets.xcassets in Resources */ = {isa = PBXBuildFile; fileRef = 1FC2F92D2AF24F6300E14AAC /* Assets.xcassets */; };
		1FC2F9312AF24F6300E14AAC /* Preview Assets.xcassets in Resources */ = {isa = PBXBuildFile; fileRef = 1FC2F9302AF24F6300E14AAC /* Preview Assets.xcassets */; };
		1FCDDD482B0545F2006704BB /* PartyView.swift in Sources */ = {isa = PBXBuildFile; fileRef = 1FCDDD472B0545F2006704BB /* PartyView.swift */; };
		1FCDDD4A2B05478E006704BB /* PurchaseView.swift in Sources */ = {isa = PBXBuildFile; fileRef = 1FCDDD492B05478E006704BB /* PurchaseView.swift */; };
		1FCDDD4C2B0547A3006704BB /* ProductCategoryView.swift in Sources */ = {isa = PBXBuildFile; fileRef = 1FCDDD4B2B0547A3006704BB /* ProductCategoryView.swift */; };
		1FCDDD4E2B0547B8006704BB /* PersonView.swift in Sources */ = {isa = PBXBuildFile; fileRef = 1FCDDD4D2B0547B8006704BB /* PersonView.swift */; };
		1FCDDD502B0549DC006704BB /* EditPartyView.swift in Sources */ = {isa = PBXBuildFile; fileRef = 1FCDDD4F2B0549DC006704BB /* EditPartyView.swift */; };
/* End PBXBuildFile section */

/* Begin PBXFileReference section */
		1F62EF972AF2B60800E56ED6 /* Person.swift */ = {isa = PBXFileReference; lastKnownFileType = sourcecode.swift; path = Person.swift; sourceTree = "<group>"; };
		1F73B1272AF965ED0057C407 /* Party.swift */ = {isa = PBXFileReference; lastKnownFileType = sourcecode.swift; path = Party.swift; sourceTree = "<group>"; };
		1F73B1292AF969BF0057C407 /* ProductCategory.swift */ = {isa = PBXFileReference; lastKnownFileType = sourcecode.swift; path = ProductCategory.swift; sourceTree = "<group>"; };
		1F73B12B2AF96B570057C407 /* Purchase.swift */ = {isa = PBXFileReference; lastKnownFileType = sourcecode.swift; path = Purchase.swift; sourceTree = "<group>"; };
		1F7765B72B04123F0052A8F8 /* PartyViewModel.swift */ = {isa = PBXFileReference; lastKnownFileType = sourcecode.swift; path = PartyViewModel.swift; sourceTree = "<group>"; };
		1F7765B92B0415530052A8F8 /* PersonViewModel.swift */ = {isa = PBXFileReference; lastKnownFileType = sourcecode.swift; path = PersonViewModel.swift; sourceTree = "<group>"; };
		1F7765BB2B041BDC0052A8F8 /* ProductCategoryViewModel.swift */ = {isa = PBXFileReference; lastKnownFileType = sourcecode.swift; path = ProductCategoryViewModel.swift; sourceTree = "<group>"; };
		1F7765BD2B041DB10052A8F8 /* PurchaseViewModel.swift */ = {isa = PBXFileReference; lastKnownFileType = sourcecode.swift; path = PurchaseViewModel.swift; sourceTree = "<group>"; };
		1FC15A512B0159E7002077C8 /* MainToolbarView.swift */ = {isa = PBXFileReference; lastKnownFileType = sourcecode.swift; path = MainToolbarView.swift; sourceTree = "<group>"; };
		1FC2F9262AF24F6000E14AAC /* PartyFriends.app */ = {isa = PBXFileReference; explicitFileType = wrapper.application; includeInIndex = 0; path = PartyFriends.app; sourceTree = BUILT_PRODUCTS_DIR; };
		1FC2F9292AF24F6000E14AAC /* PartyFriendsApp.swift */ = {isa = PBXFileReference; lastKnownFileType = sourcecode.swift; path = PartyFriendsApp.swift; sourceTree = "<group>"; };
		1FC2F92D2AF24F6300E14AAC /* Assets.xcassets */ = {isa = PBXFileReference; lastKnownFileType = folder.assetcatalog; path = Assets.xcassets; sourceTree = "<group>"; };
		1FC2F9302AF24F6300E14AAC /* Preview Assets.xcassets */ = {isa = PBXFileReference; lastKnownFileType = folder.assetcatalog; path = "Preview Assets.xcassets"; sourceTree = "<group>"; };
		1FCDDD472B0545F2006704BB /* PartyView.swift */ = {isa = PBXFileReference; lastKnownFileType = sourcecode.swift; path = PartyView.swift; sourceTree = "<group>"; };
		1FCDDD492B05478E006704BB /* PurchaseView.swift */ = {isa = PBXFileReference; lastKnownFileType = sourcecode.swift; path = PurchaseView.swift; sourceTree = "<group>"; };
		1FCDDD4B2B0547A3006704BB /* ProductCategoryView.swift */ = {isa = PBXFileReference; lastKnownFileType = sourcecode.swift; path = ProductCategoryView.swift; sourceTree = "<group>"; };
		1FCDDD4D2B0547B8006704BB /* PersonView.swift */ = {isa = PBXFileReference; lastKnownFileType = sourcecode.swift; path = PersonView.swift; sourceTree = "<group>"; };
		1FCDDD4F2B0549DC006704BB /* EditPartyView.swift */ = {isa = PBXFileReference; lastKnownFileType = sourcecode.swift; path = EditPartyView.swift; sourceTree = "<group>"; };
/* End PBXFileReference section */

/* Begin PBXFrameworksBuildPhase section */
		1FC2F9232AF24F6000E14AAC /* Frameworks */ = {
			isa = PBXFrameworksBuildPhase;
			buildActionMask = 2147483647;
			files = (
			);
			runOnlyForDeploymentPostprocessing = 0;
		};
/* End PBXFrameworksBuildPhase section */

/* Begin PBXGroup section */
		1F7765B62B0412040052A8F8 /* ViewModel */ = {
			isa = PBXGroup;
			children = (
				1F7765B72B04123F0052A8F8 /* PartyViewModel.swift */,
				1F7765B92B0415530052A8F8 /* PersonViewModel.swift */,
				1F7765BB2B041BDC0052A8F8 /* ProductCategoryViewModel.swift */,
				1F7765BD2B041DB10052A8F8 /* PurchaseViewModel.swift */,
			);
			path = ViewModel;
			sourceTree = "<group>";
		};
		1F9528A32B05447B00327E48 /* View */ = {
			isa = PBXGroup;
			children = (
				1FC2F9292AF24F6000E14AAC /* PartyFriendsApp.swift */,
				1FC15A512B0159E7002077C8 /* MainToolbarView.swift */,
				1FCDDD472B0545F2006704BB /* PartyView.swift */,
				1FCDDD4F2B0549DC006704BB /* EditPartyView.swift */,
				1FCDDD4D2B0547B8006704BB /* PersonView.swift */,
				1FCDDD4B2B0547A3006704BB /* ProductCategoryView.swift */,
				1FCDDD492B05478E006704BB /* PurchaseView.swift */,
			);
			path = View;
			sourceTree = "<group>";
		};
		1FC2F91D2AF24F6000E14AAC = {
			isa = PBXGroup;
			children = (
				1FC2F9282AF24F6000E14AAC /* PartyFriends */,
				1FC2F9272AF24F6000E14AAC /* Products */,
			);
			sourceTree = "<group>";
		};
		1FC2F9272AF24F6000E14AAC /* Products */ = {
			isa = PBXGroup;
			children = (
				1FC2F9262AF24F6000E14AAC /* PartyFriends.app */,
			);
			name = Products;
			sourceTree = "<group>";
		};
		1FC2F9282AF24F6000E14AAC /* PartyFriends */ = {
			isa = PBXGroup;
			children = (
				1F9528A32B05447B00327E48 /* View */,
				1F7765B62B0412040052A8F8 /* ViewModel */,
				1FDEDD562AFAADB800FD6408 /* Model */,
				1FC2F92D2AF24F6300E14AAC /* Assets.xcassets */,
				1FC2F92F2AF24F6300E14AAC /* Preview Content */,
			);
			path = PartyFriends;
			sourceTree = "<group>";
		};
		1FC2F92F2AF24F6300E14AAC /* Preview Content */ = {
			isa = PBXGroup;
			children = (
				1FC2F9302AF24F6300E14AAC /* Preview Assets.xcassets */,
			);
			path = "Preview Content";
			sourceTree = "<group>";
		};
		1FDEDD562AFAADB800FD6408 /* Model */ = {
			isa = PBXGroup;
			children = (
				1F73B1272AF965ED0057C407 /* Party.swift */,
				1F62EF972AF2B60800E56ED6 /* Person.swift */,
				1F73B1292AF969BF0057C407 /* ProductCategory.swift */,
				1F73B12B2AF96B570057C407 /* Purchase.swift */,
			);
			path = Model;
			sourceTree = "<group>";
		};
/* End PBXGroup section */

/* Begin PBXNativeTarget section */
		1FC2F9252AF24F6000E14AAC /* PartyFriends */ = {
			isa = PBXNativeTarget;
			buildConfigurationList = 1FC2F9342AF24F6300E14AAC /* Build configuration list for PBXNativeTarget "PartyFriends" */;
			buildPhases = (
				1FC2F9222AF24F6000E14AAC /* Sources */,
				1FC2F9232AF24F6000E14AAC /* Frameworks */,
				1FC2F9242AF24F6000E14AAC /* Resources */,
			);
			buildRules = (
			);
			dependencies = (
			);
			name = PartyFriends;
			productName = PartyFriends;
			productReference = 1FC2F9262AF24F6000E14AAC /* PartyFriends.app */;
			productType = "com.apple.product-type.application";
		};
/* End PBXNativeTarget section */

/* Begin PBXProject section */
		1FC2F91E2AF24F6000E14AAC /* Project object */ = {
			isa = PBXProject;
			attributes = {
				BuildIndependentTargetsInParallel = 1;
				LastSwiftUpdateCheck = 1430;
				LastUpgradeCheck = 1430;
				TargetAttributes = {
					1FC2F9252AF24F6000E14AAC = {
						CreatedOnToolsVersion = 14.3;
					};
				};
			};
			buildConfigurationList = 1FC2F9212AF24F6000E14AAC /* Build configuration list for PBXProject "PartyFriends" */;
			compatibilityVersion = "Xcode 14.0";
			developmentRegion = en;
			hasScannedForEncodings = 0;
			knownRegions = (
				en,
				Base,
			);
			mainGroup = 1FC2F91D2AF24F6000E14AAC;
			productRefGroup = 1FC2F9272AF24F6000E14AAC /* Products */;
			projectDirPath = "";
			projectRoot = "";
			targets = (
				1FC2F9252AF24F6000E14AAC /* PartyFriends */,
			);
		};
/* End PBXProject section */

/* Begin PBXResourcesBuildPhase section */
		1FC2F9242AF24F6000E14AAC /* Resources */ = {
			isa = PBXResourcesBuildPhase;
			buildActionMask = 2147483647;
			files = (
				1FC2F9312AF24F6300E14AAC /* Preview Assets.xcassets in Resources */,
				1FC2F92E2AF24F6300E14AAC /* Assets.xcassets in Resources */,
			);
			runOnlyForDeploymentPostprocessing = 0;
		};
/* End PBXResourcesBuildPhase section */

/* Begin PBXSourcesBuildPhase section */
		1FC2F9222AF24F6000E14AAC /* Sources */ = {
			isa = PBXSourcesBuildPhase;
			buildActionMask = 2147483647;
			files = (
				1FCDDD4E2B0547B8006704BB /* PersonView.swift in Sources */,
				1F7765B82B04123F0052A8F8 /* PartyViewModel.swift in Sources */,
				1FCDDD4A2B05478E006704BB /* PurchaseView.swift in Sources */,
				1FC15A522B0159E7002077C8 /* MainToolbarView.swift in Sources */,
				1FCDDD4C2B0547A3006704BB /* ProductCategoryView.swift in Sources */,
				1F73B1282AF965ED0057C407 /* Party.swift in Sources */,
				1F7765BE2B041DB10052A8F8 /* PurchaseViewModel.swift in Sources */,
				1F7765BA2B0415530052A8F8 /* PersonViewModel.swift in Sources */,
				1F73B12C2AF96B570057C407 /* Purchase.swift in Sources */,
				1F73B12A2AF969BF0057C407 /* ProductCategory.swift in Sources */,
				1FCDDD482B0545F2006704BB /* PartyView.swift in Sources */,
				1F7765BC2B041BDC0052A8F8 /* ProductCategoryViewModel.swift in Sources */,
				1F62EF982AF2B60800E56ED6 /* Person.swift in Sources */,
				1FC2F92A2AF24F6000E14AAC /* PartyFriendsApp.swift in Sources */,
				1FCDDD502B0549DC006704BB /* EditPartyView.swift in Sources */,
			);
			runOnlyForDeploymentPostprocessing = 0;
		};
/* End PBXSourcesBuildPhase section */

/* Begin XCBuildConfiguration section */
		1FC2F9322AF24F6300E14AAC /* Debug */ = {
			isa = XCBuildConfiguration;
			buildSettings = {
				ALWAYS_SEARCH_USER_PATHS = NO;
				CLANG_ANALYZER_NONNULL = YES;
				CLANG_ANALYZER_NUMBER_OBJECT_CONVERSION = YES_AGGRESSIVE;
				CLANG_CXX_LANGUAGE_STANDARD = "gnu++20";
				CLANG_ENABLE_MODULES = YES;
				CLANG_ENABLE_OBJC_ARC = YES;
				CLANG_ENABLE_OBJC_WEAK = YES;
				CLANG_WARN_BLOCK_CAPTURE_AUTORELEASING = YES;
				CLANG_WARN_BOOL_CONVERSION = YES;
				CLANG_WARN_COMMA = YES;
				CLANG_WARN_CONSTANT_CONVERSION = YES;
				CLANG_WARN_DEPRECATED_OBJC_IMPLEMENTATIONS = YES;
				CLANG_WARN_DIRECT_OBJC_ISA_USAGE = YES_ERROR;
				CLANG_WARN_DOCUMENTATION_COMMENTS = YES;
				CLANG_WARN_EMPTY_BODY = YES;
				CLANG_WARN_ENUM_CONVERSION = YES;
				CLANG_WARN_INFINITE_RECURSION = YES;
				CLANG_WARN_INT_CONVERSION = YES;
				CLANG_WARN_NON_LITERAL_NULL_CONVERSION = YES;
				CLANG_WARN_OBJC_IMPLICIT_RETAIN_SELF = YES;
				CLANG_WARN_OBJC_LITERAL_CONVERSION = YES;
				CLANG_WARN_OBJC_ROOT_CLASS = YES_ERROR;
				CLANG_WARN_QUOTED_INCLUDE_IN_FRAMEWORK_HEADER = YES;
				CLANG_WARN_RANGE_LOOP_ANALYSIS = YES;
				CLANG_WARN_STRICT_PROTOTYPES = YES;
				CLANG_WARN_SUSPICIOUS_MOVE = YES;
				CLANG_WARN_UNGUARDED_AVAILABILITY = YES_AGGRESSIVE;
				CLANG_WARN_UNREACHABLE_CODE = YES;
				CLANG_WARN__DUPLICATE_METHOD_MATCH = YES;
				COPY_PHASE_STRIP = NO;
				DEBUG_INFORMATION_FORMAT = dwarf;
				ENABLE_STRICT_OBJC_MSGSEND = YES;
				ENABLE_TESTABILITY = YES;
				GCC_C_LANGUAGE_STANDARD = gnu11;
				GCC_DYNAMIC_NO_PIC = NO;
				GCC_NO_COMMON_BLOCKS = YES;
				GCC_OPTIMIZATION_LEVEL = 0;
				GCC_PREPROCESSOR_DEFINITIONS = (
					"DEBUG=1",
					"$(inherited)",
				);
				GCC_WARN_64_TO_32_BIT_CONVERSION = YES;
				GCC_WARN_ABOUT_RETURN_TYPE = YES_ERROR;
				GCC_WARN_UNDECLARED_SELECTOR = YES;
				GCC_WARN_UNINITIALIZED_AUTOS = YES_AGGRESSIVE;
				GCC_WARN_UNUSED_FUNCTION = YES;
				GCC_WARN_UNUSED_VARIABLE = YES;
				IPHONEOS_DEPLOYMENT_TARGET = 16.4;
				MTL_ENABLE_DEBUG_INFO = INCLUDE_SOURCE;
				MTL_FAST_MATH = YES;
				ONLY_ACTIVE_ARCH = YES;
				SDKROOT = iphoneos;
				SWIFT_ACTIVE_COMPILATION_CONDITIONS = DEBUG;
				SWIFT_OPTIMIZATION_LEVEL = "-Onone";
			};
			name = Debug;
		};
		1FC2F9332AF24F6300E14AAC /* Release */ = {
			isa = XCBuildConfiguration;
			buildSettings = {
				ALWAYS_SEARCH_USER_PATHS = NO;
				CLANG_ANALYZER_NONNULL = YES;
				CLANG_ANALYZER_NUMBER_OBJECT_CONVERSION = YES_AGGRESSIVE;
				CLANG_CXX_LANGUAGE_STANDARD = "gnu++20";
				CLANG_ENABLE_MODULES = YES;
				CLANG_ENABLE_OBJC_ARC = YES;
				CLANG_ENABLE_OBJC_WEAK = YES;
				CLANG_WARN_BLOCK_CAPTURE_AUTORELEASING = YES;
				CLANG_WARN_BOOL_CONVERSION = YES;
				CLANG_WARN_COMMA = YES;
				CLANG_WARN_CONSTANT_CONVERSION = YES;
				CLANG_WARN_DEPRECATED_OBJC_IMPLEMENTATIONS = YES;
				CLANG_WARN_DIRECT_OBJC_ISA_USAGE = YES_ERROR;
				CLANG_WARN_DOCUMENTATION_COMMENTS = YES;
				CLANG_WARN_EMPTY_BODY = YES;
				CLANG_WARN_ENUM_CONVERSION = YES;
				CLANG_WARN_INFINITE_RECURSION = YES;
				CLANG_WARN_INT_CONVERSION = YES;
				CLANG_WARN_NON_LITERAL_NULL_CONVERSION = YES;
				CLANG_WARN_OBJC_IMPLICIT_RETAIN_SELF = YES;
				CLANG_WARN_OBJC_LITERAL_CONVERSION = YES;
				CLANG_WARN_OBJC_ROOT_CLASS = YES_ERROR;
				CLANG_WARN_QUOTED_INCLUDE_IN_FRAMEWORK_HEADER = YES;
				CLANG_WARN_RANGE_LOOP_ANALYSIS = YES;
				CLANG_WARN_STRICT_PROTOTYPES = YES;
				CLANG_WARN_SUSPICIOUS_MOVE = YES;
				CLANG_WARN_UNGUARDED_AVAILABILITY = YES_AGGRESSIVE;
				CLANG_WARN_UNREACHABLE_CODE = YES;
				CLANG_WARN__DUPLICATE_METHOD_MATCH = YES;
				COPY_PHASE_STRIP = NO;
				DEBUG_INFORMATION_FORMAT = "dwarf-with-dsym";
				ENABLE_NS_ASSERTIONS = NO;
				ENABLE_STRICT_OBJC_MSGSEND = YES;
				GCC_C_LANGUAGE_STANDARD = gnu11;
				GCC_NO_COMMON_BLOCKS = YES;
				GCC_WARN_64_TO_32_BIT_CONVERSION = YES;
				GCC_WARN_ABOUT_RETURN_TYPE = YES_ERROR;
				GCC_WARN_UNDECLARED_SELECTOR = YES;
				GCC_WARN_UNINITIALIZED_AUTOS = YES_AGGRESSIVE;
				GCC_WARN_UNUSED_FUNCTION = YES;
				GCC_WARN_UNUSED_VARIABLE = YES;
				IPHONEOS_DEPLOYMENT_TARGET = 16.4;
				MTL_ENABLE_DEBUG_INFO = NO;
				MTL_FAST_MATH = YES;
				SDKROOT = iphoneos;
				SWIFT_COMPILATION_MODE = wholemodule;
				SWIFT_OPTIMIZATION_LEVEL = "-O";
				VALIDATE_PRODUCT = YES;
			};
			name = Release;
		};
		1FC2F9352AF24F6300E14AAC /* Debug */ = {
			isa = XCBuildConfiguration;
			buildSettings = {
				ASSETCATALOG_COMPILER_APPICON_NAME = AppIcon;
				ASSETCATALOG_COMPILER_GLOBAL_ACCENT_COLOR_NAME = AccentColor;
				CODE_SIGN_STYLE = Automatic;
				CURRENT_PROJECT_VERSION = 1;
				DEVELOPMENT_ASSET_PATHS = "\"PartyFriends/Preview Content\"";
				DEVELOPMENT_TEAM = 5N6JU4MLF9;
				ENABLE_PREVIEWS = YES;
				GENERATE_INFOPLIST_FILE = YES;
				INFOPLIST_KEY_UIApplicationSceneManifest_Generation = YES;
				INFOPLIST_KEY_UIApplicationSupportsIndirectInputEvents = YES;
				INFOPLIST_KEY_UILaunchScreen_Generation = YES;
				INFOPLIST_KEY_UISupportedInterfaceOrientations_iPad = "UIInterfaceOrientationPortrait UIInterfaceOrientationPortraitUpsideDown UIInterfaceOrientationLandscapeLeft UIInterfaceOrientationLandscapeRight";
				INFOPLIST_KEY_UISupportedInterfaceOrientations_iPhone = "UIInterfaceOrientationPortrait UIInterfaceOrientationLandscapeLeft UIInterfaceOrientationLandscapeRight";
				LD_RUNPATH_SEARCH_PATHS = (
					"$(inherited)",
					"@executable_path/Frameworks",
				);
				MARKETING_VERSION = 1.0;
				PRODUCT_BUNDLE_IDENTIFIER = VoltikPRO.PartyFriends;
				PRODUCT_NAME = "$(TARGET_NAME)";
				SWIFT_EMIT_LOC_STRINGS = YES;
				SWIFT_VERSION = 5.0;
				TARGETED_DEVICE_FAMILY = "1,2";
			};
			name = Debug;
		};
		1FC2F9362AF24F6300E14AAC /* Release */ = {
			isa = XCBuildConfiguration;
			buildSettings = {
				ASSETCATALOG_COMPILER_APPICON_NAME = AppIcon;
				ASSETCATALOG_COMPILER_GLOBAL_ACCENT_COLOR_NAME = AccentColor;
				CODE_SIGN_STYLE = Automatic;
				CURRENT_PROJECT_VERSION = 1;
				DEVELOPMENT_ASSET_PATHS = "\"PartyFriends/Preview Content\"";
				DEVELOPMENT_TEAM = 5N6JU4MLF9;
				ENABLE_PREVIEWS = YES;
				GENERATE_INFOPLIST_FILE = YES;
				INFOPLIST_KEY_UIApplicationSceneManifest_Generation = YES;
				INFOPLIST_KEY_UIApplicationSupportsIndirectInputEvents = YES;
				INFOPLIST_KEY_UILaunchScreen_Generation = YES;
				INFOPLIST_KEY_UISupportedInterfaceOrientations_iPad = "UIInterfaceOrientationPortrait UIInterfaceOrientationPortraitUpsideDown UIInterfaceOrientationLandscapeLeft UIInterfaceOrientationLandscapeRight";
				INFOPLIST_KEY_UISupportedInterfaceOrientations_iPhone = "UIInterfaceOrientationPortrait UIInterfaceOrientationLandscapeLeft UIInterfaceOrientationLandscapeRight";
				LD_RUNPATH_SEARCH_PATHS = (
					"$(inherited)",
					"@executable_path/Frameworks",
				);
				MARKETING_VERSION = 1.0;
				PRODUCT_BUNDLE_IDENTIFIER = VoltikPRO.PartyFriends;
				PRODUCT_NAME = "$(TARGET_NAME)";
				SWIFT_EMIT_LOC_STRINGS = YES;
				SWIFT_VERSION = 5.0;
				TARGETED_DEVICE_FAMILY = "1,2";
			};
			name = Release;
		};
/* End XCBuildConfiguration section */

/* Begin XCConfigurationList section */
		1FC2F9212AF24F6000E14AAC /* Build configuration list for PBXProject "PartyFriends" */ = {
			isa = XCConfigurationList;
			buildConfigurations = (
				1FC2F9322AF24F6300E14AAC /* Debug */,
				1FC2F9332AF24F6300E14AAC /* Release */,
			);
			defaultConfigurationIsVisible = 0;
			defaultConfigurationName = Release;
		};
		1FC2F9342AF24F6300E14AAC /* Build configuration list for PBXNativeTarget "PartyFriends" */ = {
			isa = XCConfigurationList;
			buildConfigurations = (
				1FC2F9352AF24F6300E14AAC /* Debug */,
				1FC2F9362AF24F6300E14AAC /* Release */,
			);
			defaultConfigurationIsVisible = 0;
			defaultConfigurationName = Release;
		};
/* End XCConfigurationList section */
	};
	rootObject = 1FC2F91E2AF24F6000E14AAC /* Project object */;
}
